
Microsoft Visual Studio Solution File, Format Version 12.00
# Visual Studio Version 16
VisualStudioVersion = 16.0.30523.141
MinimumVisualStudioVersion = 10.0.40219.1
Project("{FAE04EC0-301F-11D3-BF4B-00C04F79EFBC}") = "BEngine", "BEngine\BEngine.csproj", "{DC36662F-1CB4-4F11-9F71-A2091D6C9291}"
EndProject
Project("{FAE04EC0-301F-11D3-BF4B-00C04F79EFBC}") = "BEditor", "BEditor\BEditor.csproj", "{BCDEF981-C6C5-4A75-A11C-65798B43309C}"
EndProject
Global
	GlobalSection(SolutionConfigurationPlatforms) = preSolution
		Debug|Any CPU = Debug|Any CPU
		Release|Any CPU = Release|Any CPU
	EndGlobalSection
	GlobalSection(ProjectConfigurationPlatforms) = postSolution
		{DC36662F-1CB4-4F11-9F71-A2091D6C9291}.Debug|Any CPU.ActiveCfg = Debug|Any CPU
		{DC36662F-1CB4-4F11-9F71-A2091D6C9291}.Debug|Any CPU.Build.0 = Debug|Any CPU
		{DC36662F-1CB4-4F11-9F71-A2091D6C9291}.Release|Any CPU.ActiveCfg = Release|Any CPU
		{DC36662F-1CB4-4F11-9F71-A2091D6C9291}.Release|Any CPU.Build.0 = Release|Any CPU
		{BCDEF981-C6C5-4A75-A11C-65798B43309C}.Debug|Any CPU.ActiveCfg = Debug|Any CPU
		{BCDEF981-C6C5-4A75-A11C-65798B43309C}.Debug|Any CPU.Build.0 = Debug|Any CPU
		{BCDEF981-C6C5-4A75-A11C-65798B43309C}.Release|Any CPU.ActiveCfg = Release|Any CPU
		{BCDEF981-C6C5-4A75-A11C-65798B43309C}.Release|Any CPU.Build.0 = Release|Any CPU
	EndGlobalSection
	GlobalSection(SolutionProperties) = preSolution
		HideSolutionNode = FALSE
	EndGlobalSection
	GlobalSection(ExtensibilityGlobals) = postSolution
		SolutionGuid = {AF2FA803-78AA-4294-ACE2-1234516D3E09}
	EndGlobalSection
EndGlobal
